
Microsoft Visual Studio Solution File, Format Version 12.00
# Visual Studio Version 17
VisualStudioVersion = 17.9.34728.123
MinimumVisualStudioVersion = 10.0.40219.1
Project("{FAE04EC0-301F-11D3-BF4B-00C04F79EFBC}") = "TPrLB1", "TPrLB1\TPrLB1.csproj", "{1A7E88B2-5B6A-4618-9AD9-6F9878F70A91}"
EndProject
Project("{FAE04EC0-301F-11D3-BF4B-00C04F79EFBC}") = "TPrLB1.Tests", "TPrLB1.Tests\TPrLB1.Tests.csproj", "{CE04BCC2-54BC-4FA5-9006-55C7AF758985}"
EndProject
Global
	GlobalSection(SolutionConfigurationPlatforms) = preSolution
		Debug|Any CPU = Debug|Any CPU
		Release|Any CPU = Release|Any CPU
	EndGlobalSection
	GlobalSection(ProjectConfigurationPlatforms) = postSolution
		{1A7E88B2-5B6A-4618-9AD9-6F9878F70A91}.Debug|Any CPU.ActiveCfg = Debug|Any CPU
		{1A7E88B2-5B6A-4618-9AD9-6F9878F70A91}.Debug|Any CPU.Build.0 = Debug|Any CPU
		{1A7E88B2-5B6A-4618-9AD9-6F9878F70A91}.Release|Any CPU.ActiveCfg = Release|Any CPU
		{1A7E88B2-5B6A-4618-9AD9-6F9878F70A91}.Release|Any CPU.Build.0 = Release|Any CPU
		{CE04BCC2-54BC-4FA5-9006-55C7AF758985}.Debug|Any CPU.ActiveCfg = Debug|Any CPU
		{CE04BCC2-54BC-4FA5-9006-55C7AF758985}.Debug|Any CPU.Build.0 = Debug|Any CPU
		{CE04BCC2-54BC-4FA5-9006-55C7AF758985}.Release|Any CPU.ActiveCfg = Release|Any CPU
		{CE04BCC2-54BC-4FA5-9006-55C7AF758985}.Release|Any CPU.Build.0 = Release|Any CPU
	EndGlobalSection
	GlobalSection(SolutionProperties) = preSolution
		HideSolutionNode = FALSE
	EndGlobalSection
	GlobalSection(ExtensibilityGlobals) = postSolution
		SolutionGuid = {F1195963-632F-4A2D-8056-0A873799A9BE}
	EndGlobalSection
EndGlobal
